github.com/crackcomm/go-gitignore v0.0.0-20170627025303-887ab5e44cc3 h1:HVTnpeuvF6Owjd5mniCL8DEXo7uYXdQEmOP4FJbV5tg=
github.com/crackcomm/go-gitignore v0.0.0-20170627025303-887ab5e44cc3/go.mod h1:p1d6YEZWvFzEh4KLyvBcVSnrfNDDvK2zfK/4x2v/4pE=
github.com/davecgh/go-spew v1.1.1 h1:vj9j/u1bqnvCEfJOwUhtlOARqs3+rkHYY13jYWTU97c=
github.com/fortytw2/leaktest v1.3.0 h1:u8491cBMTQ8ft8aeV+adlcytMZylmA5nnwwkRZjI8vw=
github.com/fortytw2/leaktest v1.3.0/go.mod h1:jDsjWgpAGjm2CA7WthBh/CdZYEPF31XHquHwclZch5g=
github.com/ipfs/go-cid v0.3.2 h1:OGgOd+JCFM+y1DjWPmVH+2/4POtpDzwcr7VgnB7mZXc=
github.com/ipfs/go-cid v0.3.2/go.mod h1:gQ8pKqT/sUxGY+tIwy1RPpAojYu7jAyCp5Tz1svoupw=
github.com/ipfs/go-libipfs v0.4.1 h1:tyu3RRMKFQUyUQt5jyt5SmDnls93H4Tr3HifL50zihg=
github.com/ipfs/go-libipfs v0.4.1/go.mod h1:Ad8ybPqwCkl2cNiNUMvM/iaVc/5bwNpHu8RPZ5te1hw=
github.com/kennygrant/sanitize v1.2.4 h1:gN25/otpP5vAsO2djbMhF/LQX6R7+O1TB4yv8NzpJ3o=
github.com/kennygrant/sanitize v1.2.4/go.mod h1:LGsjYYtgxbetdg5owWB2mpgUL6e2nfw2eObZ0u0qvak=
github.com/klauspost/cpuid/v2 v2.0.4/go.mod h1:FInQzS24/EEf25PyTYn52gqo7WaD8xa0213Md/qVLRg=
github.com/klauspost/cpuid/v2 v2.0.9/go.mod h1:FInQzS24/EEf25PyTYn52gqo7WaD8xa0213Md/qVLRg=
github.com/klauspost/cpuid/v2 v2.1.1 h1:t0wUqjowdm8ezddV5k0tLWVklVuvLJpoHeb4WBdydm0=
github.com/klauspost/cpuid/v2 v2.1.1/go.mod h1:RVVoqg1df56z8g3pUjL/3lE5UfnlrJX8tyFgg4nqhuY=
github.com/mattn/go-isatty v0.0.18 h1:DOKFKCQ7FNG2L1rbrmstDN4QVRdS89Nkh85u68Uwp98=
github.com/mattn/go-isatty v0.0.18/go.mod h1:W+V8PltTTMOvKvAeJH7IuucS94S2C6jfK/D7dTCTo3Y=
github.com/minio/sha256-simd v1.0.0 h1:v1ta+49hkWZyvaKwrQB8elexRqm6Y0aMLjCNsrYxo6g=
github.com/minio/sha256-simd v1.0.0/go.mod h1:OuYzVNI5vcoYIAmbIvHPl3N3jUzVedXbKy5RFepssQM=
github.com/mr-tron/base58 v1.2.0 h1:T/HDJBh4ZCPbU39/+c3rRvE0uKBQlU27+QI8LJ4t64o=
github.com/mr-tron/base58 v1.2.0/go.mod h1:BinMc/sQntlIE1frQmRFPUoPA1Zkr8VRgBdjWI2mNwc=
github.com/multiformats/go-base32 v0.1.0 h1:pVx9xoSPqEIQG8o+UbAe7DNi51oej1NtK+aGkbLYxPE=
github.com/multiformats/go-base32 v0.1.0/go.mod h1:Kj3tFY6zNr+ABYMqeUNeGvkIC/UYgtWibDcT0rExnbI=
github.com/multiformats/go-base36 v0.1.0 h1:JR6TyF7JjGd3m6FbLU2cOxhC0Li8z8dLNGQ89tUg4F4=
github.com/multiformats/go-base36 v0.1.0/go.mod h1:kFGE83c6s80PklsHO9sRn2NCoffoRdUUOENyW/Vv6sM=
github.com/multiformats/go-multibase v0.1.1 h1:3ASCDsuLX8+j4kx58qnJ4YFq/JWTJpCyDW27ztsVTOI=
github.com/multiformats/go-multibase v0.1.1/go.mod h1:ZEjHE+IsUrgp5mhlEAYjMtZwK1k4haNkcaPg9aoe1a8=
github.com/multiformats/go-multihash v0.2.1 h1:aem8ZT0VA2nCHHk7bPJ1BjUbHNciqZC/d16Vve9l108=
github.com/multiformats/go-multihash v0.2.1/go.mod h1:WxoMcYG85AZVQUyRyo9s4wULvW5qrI9vb2Lt6evduFc=
github.com/multiformats/go-varint v0.0.6 h1:gk85QWKxh3TazbLxED/NlDVv8+q+ReFJk7Y2W/KhfNY=
github.com/multiformats/go-varint v0.0.6/go.mod h1:3Ls8CIEsrijN6+B7PbrXRPxHRPuXSrVKRY101jdMZYE=
github.com/pmezard/go-difflib v1.0.0 h1:4DBwDE0NGyQoBHbLQYPwSUPoCMWR5BEzIk/f1lZbAQM=
github.com/spaolacci/murmur3 v1.1.0 h1:7c1g84S4BPRrfL5Xrdp6fOJ206sU9y293DDHaoy0bLI=
github.com/spaolacci/murmur3 v1.1.0/go.mod h1:JwIasOWyU6f++ZhiEuf87xNszmSA2myDM2Kzu9HwQUA=
github.com/stretchr/testify v1.8.1 h1:w7B6lhMri9wdJUVmEZPGGhZzrYTPvgJArz7wNPgYKsk=
github.com/wabarc/helper v0.0.0-20230418130954-be7440352bcb h1:psEAY4wXvhXp/Hp5CJWgAOKWqhvAom+/hOjK+Qscx7o=
github.com/wabarc/helper v0.0.0-20230418130954-be7440352bcb/go.mod h1:S1N1F/2lwcHYqCowYTrR6i0DZ/1lcXKU+s+7rv5dUno=
github.com/ybbus/httpretry v1.0.2 h1:QIU8dfSF+kZx5xO1bUcLKyxYNEUsLX/hsN6gN6Up1So=
github.com/ybbus/httpretry v1.0.2/go.mod h1:fwOEa1URVFYikEqgQLCBtLyExFt5danZrxF5xF2qZh8=
golang.org/x/crypto v0.0.0-20220525230936-793ad666bf5e h1:T8NU3HyQ8ClP4SEE+KbFlg6n0NhuTsN4MyznaarGsZM=
golang.org/x/crypto v0.0.0-20220525230936-793ad666bf5e/go.mod h1:IxCIyHEi3zRg3s0A5j5BB6A9Jmi73HwBIUl50j+osU4=
golang.org/x/net v0.9.0 h1:aWJ/m6xSmxWBx+V0XRHTlrYrPG56jKsLdTFmsSsCzOM=
golang.org/x/net v0.9.0/go.mod h1:d48xBJpPfHeWQsugry2m+kC02ZBRGRgulfHnEXEuWns=
golang.org/x/sys v0.0.0-20220704084225-05e143d24a9e/go.mod h1:oPkhp1MJrh7nUepCBck5+mAzfO9JrbApNNgaTdGDITg=
golang.org/x/sys v0.6.0/go.mod h1:oPkhp1MJrh7nUepCBck5+mAzfO9JrbApNNgaTdGDITg=
golang.org/x/sys v0.7.0 h1:3jlCCIQZPdOYu1h8BkNvLz8Kgwtae2cagcG/VamtZRU=
golang.org/x/sys v0.7.0/go.mod h1:oPkhp1MJrh7nUepCBck5+mAzfO9JrbApNNgaTdGDITg=
golang.org/x/text v0.9.0 h1:2sjJmO8cDvYveuX97RDLsxlyUxLl+GHoLxBiRdHllBE=
golang.org/x/text v0.9.0/go.mod h1:e1OnstbJyHTd6l/uOt8jFFHp6TRDWZR/bV3emEE/zU8=
gopkg.in/yaml.v3 v3.0.1 h1:fxVm/GzAzEWqLHuvctI91KS9hhNmmWOoWu0XTYJS7CA=
lukechampine.com/blake3 v1.1.7 h1:GgRMhmdsuK8+ii6UZFDL8Nb+VyMwadAgcJyfYHxG6n0=
lukechampine.com/blake3 v1.1.7/go.mod h1:tkKEOtDkNtklkXtLNEOGNq5tcV90tJiA1vAA12R78LA=
mvdan.cc/xurls/v2 v2.5.0 h1:lyBNOm8Wo71UknhUs4QTFUNNMyxy2JEIaKKo0RWOh+8=
mvdan.cc/xurls/v2 v2.5.0/go.mod h1:yQgaGQ1rFtJUzkmKiHYSSfuQxqfYmd//X6PxvholpeE=
